
Microsoft Visual Studio Solution File, Format Version 12.00
# Visual Studio Version 17
VisualStudioVersion = 17.9.34701.34
MinimumVisualStudioVersion = 10.0.40219.1
Project("{2150E333-8FDC-42A3-9474-1A3956D46DE8}") = "BackendServices", "BackendServices", "{F8ABBDDF-2424-40DD-9186-F291BA7A1EF5}"
EndProject
Project("{2150E333-8FDC-42A3-9474-1A3956D46DE8}") = "FrontendServices", "FrontendServices", "{5F30A1D2-B308-4D57-B8B6-5CF10D5D93AF}"
EndProject
Project("{2150E333-8FDC-42A3-9474-1A3956D46DE8}") = "ApiGateway", "ApiGateway", "{5AAD5522-7AD7-4ABE-8060-A97A401FB281}"
EndProject
Project("{FAE04EC0-301F-11D3-BF4B-00C04F79EFBC}") = "CatalogService", "CatalogService\CatalogService.csproj", "{8410224A-22AF-48B0-8B42-ACCA825B9485}"
EndProject
Global
	GlobalSection(SolutionConfigurationPlatforms) = preSolution
		Debug|Any CPU = Debug|Any CPU
		Release|Any CPU = Release|Any CPU
	EndGlobalSection
	GlobalSection(ProjectConfigurationPlatforms) = postSolution
		{8410224A-22AF-48B0-8B42-ACCA825B9485}.Debug|Any CPU.ActiveCfg = Debug|Any CPU
		{8410224A-22AF-48B0-8B42-ACCA825B9485}.Debug|Any CPU.Build.0 = Debug|Any CPU
		{8410224A-22AF-48B0-8B42-ACCA825B9485}.Release|Any CPU.ActiveCfg = Release|Any CPU
		{8410224A-22AF-48B0-8B42-ACCA825B9485}.Release|Any CPU.Build.0 = Release|Any CPU
	EndGlobalSection
	GlobalSection(SolutionProperties) = preSolution
		HideSolutionNode = FALSE
	EndGlobalSection
	GlobalSection(NestedProjects) = preSolution
		{8410224A-22AF-48B0-8B42-ACCA825B9485} = {F8ABBDDF-2424-40DD-9186-F291BA7A1EF5}
	EndGlobalSection
	GlobalSection(ExtensibilityGlobals) = postSolution
		SolutionGuid = {5FC75E4A-8316-4CA6-B8A7-BADC7D3CC7D2}
	EndGlobalSection
EndGlobal
